
Microsoft Visual Studio Solution File, Format Version 12.00
# Visual Studio Version 18
VisualStudioVersion = 18.2.11415.280
MinimumVisualStudioVersion = 10.0.40219.1
Project("{FAE04EC0-301F-11D3-BF4B-00C04F79EFBC}") = "UserCatalog.Web", "..\UserCatalog.Web\UserCatalog.Web.csproj", "{6345FE84-7F63-4693-8B7B-57F766344425}"
EndProject
Project("{FAE04EC0-301F-11D3-BF4B-00C04F79EFBC}") = "UserCatalog.BL", "..\UserCatalog.BL\UserCatalog.BL.csproj", "{08FE57A5-3365-43C1-E74A-D203224D147C}"
EndProject
Project("{FAE04EC0-301F-11D3-BF4B-00C04F79EFBC}") = "UserCatalog.BL.Impl", "..\UserCatalog.BL.Impl\UserCatalog.BL.Impl.csproj", "{C4793FB8-C25B-6642-F60D-ACC6B5C7E1BA}"
EndProject
Project("{FAE04EC0-301F-11D3-BF4B-00C04F79EFBC}") = "OrganizationalFramework.BL", "..\OrganizationalFramework.BL\OrganizationalFramework.BL.csproj", "{B6C1F8A8-FD59-8797-A404-B083B9BBC00C}"
EndProject
Project("{FAE04EC0-301F-11D3-BF4B-00C04F79EFBC}") = "OrganizationalFramework.BL.Impl", "..\OrganizationalFramework.BL.Impl\OrganizationalFramework.BL.Impl.csproj", "{ACD6577D-05EB-45E8-A78B-5CC2FCE8CA7D}"
EndProject
Global
	GlobalSection(SolutionConfigurationPlatforms) = preSolution
		Debug|Any CPU = Debug|Any CPU
		Release|Any CPU = Release|Any CPU
	EndGlobalSection
	GlobalSection(ProjectConfigurationPlatforms) = postSolution
		{6345FE84-7F63-4693-8B7B-57F766344425}.Debug|Any CPU.ActiveCfg = Debug|Any CPU
		{6345FE84-7F63-4693-8B7B-57F766344425}.Debug|Any CPU.Build.0 = Debug|Any CPU
		{6345FE84-7F63-4693-8B7B-57F766344425}.Release|Any CPU.ActiveCfg = Release|Any CPU
		{6345FE84-7F63-4693-8B7B-57F766344425}.Release|Any CPU.Build.0 = Release|Any CPU
		{08FE57A5-3365-43C1-E74A-D203224D147C}.Debug|Any CPU.ActiveCfg = Debug|Any CPU
		{08FE57A5-3365-43C1-E74A-D203224D147C}.Debug|Any CPU.Build.0 = Debug|Any CPU
		{08FE57A5-3365-43C1-E74A-D203224D147C}.Release|Any CPU.ActiveCfg = Release|Any CPU
		{08FE57A5-3365-43C1-E74A-D203224D147C}.Release|Any CPU.Build.0 = Release|Any CPU
		{C4793FB8-C25B-6642-F60D-ACC6B5C7E1BA}.Debug|Any CPU.ActiveCfg = Debug|Any CPU
		{C4793FB8-C25B-6642-F60D-ACC6B5C7E1BA}.Debug|Any CPU.Build.0 = Debug|Any CPU
		{C4793FB8-C25B-6642-F60D-ACC6B5C7E1BA}.Release|Any CPU.ActiveCfg = Release|Any CPU
		{C4793FB8-C25B-6642-F60D-ACC6B5C7E1BA}.Release|Any CPU.Build.0 = Release|Any CPU
		{B6C1F8A8-FD59-8797-A404-B083B9BBC00C}.Debug|Any CPU.ActiveCfg = Debug|Any CPU
		{B6C1F8A8-FD59-8797-A404-B083B9BBC00C}.Debug|Any CPU.Build.0 = Debug|Any CPU
		{B6C1F8A8-FD59-8797-A404-B083B9BBC00C}.Release|Any CPU.ActiveCfg = Release|Any CPU
		{B6C1F8A8-FD59-8797-A404-B083B9BBC00C}.Release|Any CPU.Build.0 = Release|Any CPU
		{ACD6577D-05EB-45E8-A78B-5CC2FCE8CA7D}.Debug|Any CPU.ActiveCfg = Debug|Any CPU
		{ACD6577D-05EB-45E8-A78B-5CC2FCE8CA7D}.Debug|Any CPU.Build.0 = Debug|Any CPU
		{ACD6577D-05EB-45E8-A78B-5CC2FCE8CA7D}.Release|Any CPU.ActiveCfg = Release|Any CPU
		{ACD6577D-05EB-45E8-A78B-5CC2FCE8CA7D}.Release|Any CPU.Build.0 = Release|Any CPU
	EndGlobalSection
	GlobalSection(SolutionProperties) = preSolution
		HideSolutionNode = FALSE
	EndGlobalSection
	GlobalSection(ExtensibilityGlobals) = postSolution
		SolutionGuid = {753C549F-3F61-4431-8EB3-450A9FF3E753}
	EndGlobalSection
EndGlobal
